
Microsoft Visual Studio Solution File, Format Version 12.00
# Visual Studio Version 17
VisualStudioVersion = 17.10.35004.147
MinimumVisualStudioVersion = 10.0.40219.1
Project("{FAE04EC0-301F-11D3-BF4B-00C04F79EFBC}") = "WpfBookManagement", "WpfBookManagement.csproj", "{FF0009BD-E0F5-483C-A764-8784864D89C3}"
EndProject
Global
	GlobalSection(SolutionConfigurationPlatforms) = preSolution
		Debug|Any CPU = Debug|Any CPU
		Release|Any CPU = Release|Any CPU
	EndGlobalSection
	GlobalSection(ProjectConfigurationPlatforms) = postSolution
		{FF0009BD-E0F5-483C-A764-8784864D89C3}.Debug|Any CPU.ActiveCfg = Debug|Any CPU
		{FF0009BD-E0F5-483C-A764-8784864D89C3}.Debug|Any CPU.Build.0 = Debug|Any CPU
		{FF0009BD-E0F5-483C-A764-8784864D89C3}.Release|Any CPU.ActiveCfg = Release|Any CPU
		{FF0009BD-E0F5-483C-A764-8784864D89C3}.Release|Any CPU.Build.0 = Release|Any CPU
	EndGlobalSection
	GlobalSection(SolutionProperties) = preSolution
		HideSolutionNode = FALSE
	EndGlobalSection
	GlobalSection(ExtensibilityGlobals) = postSolution
		SolutionGuid = {825A23E3-727C-4C61-9886-68E62FAAF698}
	EndGlobalSection
EndGlobal
